
Microsoft Visual Studio Solution File, Format Version 12.00
# Visual Studio 15
VisualStudioVersion = 15.0.27130.0
MinimumVisualStudioVersion = 10.0.40219.1
Project("{F2A71F9B-5D33-465A-A702-920D77279786}") = "AdventOfCode", "AdventOfCode\AdventOfCode.fsproj", "{513498C8-BF75-44F2-B296-892E625D31D7}"
EndProject
Global
	GlobalSection(SolutionConfigurationPlatforms) = preSolution
		Debug|Any CPU = Debug|Any CPU
		Release|Any CPU = Release|Any CPU
	EndGlobalSection
	GlobalSection(ProjectConfigurationPlatforms) = postSolution
		{513498C8-BF75-44F2-B296-892E625D31D7}.Debug|Any CPU.ActiveCfg = Debug|Any CPU
		{513498C8-BF75-44F2-B296-892E625D31D7}.Debug|Any CPU.Build.0 = Debug|Any CPU
		{513498C8-BF75-44F2-B296-892E625D31D7}.Release|Any CPU.ActiveCfg = Release|Any CPU
		{513498C8-BF75-44F2-B296-892E625D31D7}.Release|Any CPU.Build.0 = Release|Any CPU
	EndGlobalSection
	GlobalSection(SolutionProperties) = preSolution
		HideSolutionNode = FALSE
	EndGlobalSection
	GlobalSection(ExtensibilityGlobals) = postSolution
		SolutionGuid = {A31FA3FD-A295-464B-B72B-53F343CD6222}
	EndGlobalSection
EndGlobal
